
Microsoft Visual Studio Solution File, Format Version 12.00
# Visual Studio Version 16
VisualStudioVersion = 16.0.29905.134
MinimumVisualStudioVersion = 10.0.40219.1
Project("{8BC9CEB8-8B4A-11D0-8D11-00A0C91BC942}") = "AI_Tic_Tac_Toe", "AI_Tic_Tac_Toe\AI_Tic_Tac_Toe.vcxproj", "{35DCA49B-8EB7-427C-A29B-D29BDD0578FA}"
EndProject
Global
	GlobalSection(SolutionConfigurationPlatforms) = preSolution
		Debug|x64 = Debug|x64
		Debug|x86 = Debug|x86
		Release|x64 = Release|x64
		Release|x86 = Release|x86
	EndGlobalSection
	GlobalSection(ProjectConfigurationPlatforms) = postSolution
		{35DCA49B-8EB7-427C-A29B-D29BDD0578FA}.Debug|x64.ActiveCfg = Debug|x64
		{35DCA49B-8EB7-427C-A29B-D29BDD0578FA}.Debug|x64.Build.0 = Debug|x64
		{35DCA49B-8EB7-427C-A29B-D29BDD0578FA}.Debug|x86.ActiveCfg = Debug|Win32
		{35DCA49B-8EB7-427C-A29B-D29BDD0578FA}.Debug|x86.Build.0 = Debug|Win32
		{35DCA49B-8EB7-427C-A29B-D29BDD0578FA}.Release|x64.ActiveCfg = Release|x64
		{35DCA49B-8EB7-427C-A29B-D29BDD0578FA}.Release|x64.Build.0 = Release|x64
		{35DCA49B-8EB7-427C-A29B-D29BDD0578FA}.Release|x86.ActiveCfg = Release|Win32
		{35DCA49B-8EB7-427C-A29B-D29BDD0578FA}.Release|x86.Build.0 = Release|Win32
	EndGlobalSection
	GlobalSection(SolutionProperties) = preSolution
		HideSolutionNode = FALSE
	EndGlobalSection
	GlobalSection(ExtensibilityGlobals) = postSolution
		SolutionGuid = {A70805B3-4265-40BC-A3B8-F0529CD85E81}
	EndGlobalSection
EndGlobal
